
Microsoft Visual Studio Solution File, Format Version 12.00
# Visual Studio 15
VisualStudioVersion = 15.0.28307.852
MinimumVisualStudioVersion = 10.0.40219.1
Project("{FAE04EC0-301F-11D3-BF4B-00C04F79EFBC}") = "Lands.Android", "Lands\Lands.Android\Lands.Android.csproj", "{EC244A50-2E79-42CB-B818-A414FA2214BF}"
EndProject
Project("{FAE04EC0-301F-11D3-BF4B-00C04F79EFBC}") = "Lands.iOS", "Lands\Lands.iOS\Lands.iOS.csproj", "{514A218C-B141-4B7B-BA23-D80F9B0894E3}"
EndProject
Project("{FAE04EC0-301F-11D3-BF4B-00C04F79EFBC}") = "Lands", "Lands\Lands\Lands.csproj", "{41549DE4-9C6B-487B-9FE2-28F3B2F2ED63}"
EndProject
Global
	GlobalSection(SolutionConfigurationPlatforms) = preSolution
		Ad-Hoc|Any CPU = Ad-Hoc|Any CPU
		Ad-Hoc|iPhone = Ad-Hoc|iPhone
		Ad-Hoc|iPhoneSimulator = Ad-Hoc|iPhoneSimulator
		AppStore|Any CPU = AppStore|Any CPU
		AppStore|iPhone = AppStore|iPhone
		AppStore|iPhoneSimulator = AppStore|iPhoneSimulator
		Debug|Any CPU = Debug|Any CPU
		Debug|iPhone = Debug|iPhone
		Debug|iPhoneSimulator = Debug|iPhoneSimulator
		Release|Any CPU = Release|Any CPU
		Release|iPhone = Release|iPhone
		Release|iPhoneSimulator = Release|iPhoneSimulator
	EndGlobalSection
	GlobalSection(ProjectConfigurationPlatforms) = postSolution
		{EC244A50-2E79-42CB-B818-A414FA2214BF}.Ad-Hoc|Any CPU.ActiveCfg = Release|Any CPU
		{EC244A50-2E79-42CB-B818-A414FA2214BF}.Ad-Hoc|Any CPU.Build.0 = Release|Any CPU
		{EC244A50-2E79-42CB-B818-A414FA2214BF}.Ad-Hoc|Any CPU.Deploy.0 = Release|Any CPU
		{EC244A50-2E79-42CB-B818-A414FA2214BF}.Ad-Hoc|iPhone.ActiveCfg = Release|Any CPU
		{EC244A50-2E79-42CB-B818-A414FA2214BF}.Ad-Hoc|iPhone.Build.0 = Release|Any CPU
		{EC244A50-2E79-42CB-B818-A414FA2214BF}.Ad-Hoc|iPhone.Deploy.0 = Release|Any CPU
		{EC244A50-2E79-42CB-B818-A414FA2214BF}.Ad-Hoc|iPhoneSimulator.ActiveCfg = Release|Any CPU
		{EC244A50-2E79-42CB-B818-A414FA2214BF}.Ad-Hoc|iPhoneSimulator.Build.0 = Release|Any CPU
		{EC244A50-2E79-42CB-B818-A414FA2214BF}.Ad-Hoc|iPhoneSimulator.Deploy.0 = Release|Any CPU
		{EC244A50-2E79-42CB-B818-A414FA2214BF}.AppStore|Any CPU.ActiveCfg = Release|Any CPU
		{EC244A50-2E79-42CB-B818-A414FA2214BF}.AppStore|Any CPU.Build.0 = Release|Any CPU
		{EC244A50-2E79-42CB-B818-A414FA2214BF}.AppStore|Any CPU.Deploy.0 = Release|Any CPU
		{EC244A50-2E79-42CB-B818-A414FA2214BF}.AppStore|iPhone.ActiveCfg = Release|Any CPU
		{EC244A50-2E79-42CB-B818-A414FA2214BF}.AppStore|iPhone.Build.0 = Release|Any CPU
		{EC244A50-2E79-42CB-B818-A414FA2214BF}.AppStore|iPhone.Deploy.0 = Release|Any CPU
		{EC244A50-2E79-42CB-B818-A414FA2214BF}.AppStore|iPhoneSimulator.ActiveCfg = Release|Any CPU
		{EC244A50-2E79-42CB-B818-A414FA2214BF}.AppStore|iPhoneSimulator.Build.0 = Release|Any CPU
		{EC244A50-2E79-42CB-B818-A414FA2214BF}.AppStore|iPhoneSimulator.Deploy.0 = Release|Any CPU
		{EC244A50-2E79-42CB-B818-A414FA2214BF}.Debug|Any CPU.ActiveCfg = Debug|Any CPU
		{EC244A50-2E79-42CB-B818-A414FA2214BF}.Debug|Any CPU.Build.0 = Debug|Any CPU
		{EC244A50-2E79-42CB-B818-A414FA2214BF}.Debug|Any CPU.Deploy.0 = Debug|Any CPU
		{EC244A50-2E79-42CB-B818-A414FA2214BF}.Debug|iPhone.ActiveCfg = Debug|Any CPU
		{EC244A50-2E79-42CB-B818-A414FA2214BF}.Debug|iPhone.Build.0 = Debug|Any CPU
		{EC244A50-2E79-42CB-B818-A414FA2214BF}.Debug|iPhone.Deploy.0 = Debug|Any CPU
		{EC244A50-2E79-42CB-B818-A414FA2214BF}.Debug|iPhoneSimulator.ActiveCfg = Debug|Any CPU
		{EC244A50-2E79-42CB-B818-A414FA2214BF}.Debug|iPhoneSimulator.Build.0 = Debug|Any CPU
		{EC244A50-2E79-42CB-B818-A414FA2214BF}.Debug|iPhoneSimulator.Deploy.0 = Debug|Any CPU
		{EC244A50-2E79-42CB-B818-A414FA2214BF}.Release|Any CPU.ActiveCfg = Release|Any CPU
		{EC244A50-2E79-42CB-B818-A414FA2214BF}.Release|Any CPU.Build.0 = Release|Any CPU
		{EC244A50-2E79-42CB-B818-A414FA2214BF}.Release|Any CPU.Deploy.0 = Release|Any CPU
		{EC244A50-2E79-42CB-B818-A414FA2214BF}.Release|iPhone.ActiveCfg = Release|Any CPU
		{EC244A50-2E79-42CB-B818-A414FA2214BF}.Release|iPhone.Build.0 = Release|Any CPU
		{EC244A50-2E79-42CB-B818-A414FA2214BF}.Release|iPhone.Deploy.0 = Release|Any CPU
		{EC244A50-2E79-42CB-B818-A414FA2214BF}.Release|iPhoneSimulator.ActiveCfg = Release|Any CPU
		{EC244A50-2E79-42CB-B818-A414FA2214BF}.Release|iPhoneSimulator.Build.0 = Release|Any CPU
		{EC244A50-2E79-42CB-B818-A414FA2214BF}.Release|iPhoneSimulator.Deploy.0 = Release|Any CPU
		{514A218C-B141-4B7B-BA23-D80F9B0894E3}.Ad-Hoc|Any CPU.ActiveCfg = Ad-Hoc|iPhone
		{514A218C-B141-4B7B-BA23-D80F9B0894E3}.Ad-Hoc|Any CPU.Build.0 = Ad-Hoc|iPhone
		{514A218C-B141-4B7B-BA23-D80F9B0894E3}.Ad-Hoc|Any CPU.Deploy.0 = Ad-Hoc|iPhone
		{514A218C-B141-4B7B-BA23-D80F9B0894E3}.Ad-Hoc|iPhone.ActiveCfg = Ad-Hoc|iPhone
		{514A218C-B141-4B7B-BA23-D80F9B0894E3}.Ad-Hoc|iPhone.Build.0 = Ad-Hoc|iPhone
		{514A218C-B141-4B7B-BA23-D80F9B0894E3}.Ad-Hoc|iPhone.Deploy.0 = Ad-Hoc|iPhone
		{514A218C-B141-4B7B-BA23-D80F9B0894E3}.Ad-Hoc|iPhoneSimulator.ActiveCfg = Ad-Hoc|iPhoneSimulator
		{514A218C-B141-4B7B-BA23-D80F9B0894E3}.Ad-Hoc|iPhoneSimulator.Build.0 = Ad-Hoc|iPhoneSimulator
		{514A218C-B141-4B7B-BA23-D80F9B0894E3}.Ad-Hoc|iPhoneSimulator.Deploy.0 = Ad-Hoc|iPhoneSimulator
		{514A218C-B141-4B7B-BA23-D80F9B0894E3}.AppStore|Any CPU.ActiveCfg = AppStore|iPhone
		{514A218C-B141-4B7B-BA23-D80F9B0894E3}.AppStore|Any CPU.Build.0 = AppStore|iPhone
		{514A218C-B141-4B7B-BA23-D80F9B0894E3}.AppStore|Any CPU.Deploy.0 = AppStore|iPhone
		{514A218C-B141-4B7B-BA23-D80F9B0894E3}.AppStore|iPhone.ActiveCfg = AppStore|iPhone
		{514A218C-B141-4B7B-BA23-D80F9B0894E3}.AppStore|iPhone.Build.0 = AppStore|iPhone
		{514A218C-B141-4B7B-BA23-D80F9B0894E3}.AppStore|iPhone.Deploy.0 = AppStore|iPhone
		{514A218C-B141-4B7B-BA23-D80F9B0894E3}.AppStore|iPhoneSimulator.ActiveCfg = AppStore|iPhoneSimulator
		{514A218C-B141-4B7B-BA23-D80F9B0894E3}.AppStore|iPhoneSimulator.Build.0 = AppStore|iPhoneSimulator
		{514A218C-B141-4B7B-BA23-D80F9B0894E3}.AppStore|iPhoneSimulator.Deploy.0 = AppStore|iPhoneSimulator
		{514A218C-B141-4B7B-BA23-D80F9B0894E3}.Debug|Any CPU.ActiveCfg = Debug|iPhoneSimulator
		{514A218C-B141-4B7B-BA23-D80F9B0894E3}.Debug|Any CPU.Build.0 = Debug|iPhoneSimulator
		{514A218C-B141-4B7B-BA23-D80F9B0894E3}.Debug|Any CPU.Deploy.0 = Debug|iPhoneSimulator
		{514A218C-B141-4B7B-BA23-D80F9B0894E3}.Debug|iPhone.ActiveCfg = Debug|iPhone
		{514A218C-B141-4B7B-BA23-D80F9B0894E3}.Debug|iPhone.Build.0 = Debug|iPhone
		{514A218C-B141-4B7B-BA23-D80F9B0894E3}.Debug|iPhone.Deploy.0 = Debug|iPhone
		{514A218C-B141-4B7B-BA23-D80F9B0894E3}.Debug|iPhoneSimulator.ActiveCfg = Debug|iPhoneSimulator
		{514A218C-B141-4B7B-BA23-D80F9B0894E3}.Debug|iPhoneSimulator.Build.0 = Debug|iPhoneSimulator
		{514A218C-B141-4B7B-BA23-D80F9B0894E3}.Debug|iPhoneSimulator.Deploy.0 = Debug|iPhoneSimulator
		{514A218C-B141-4B7B-BA23-D80F9B0894E3}.Release|Any CPU.ActiveCfg = Release|iPhone
		{514A218C-B141-4B7B-BA23-D80F9B0894E3}.Release|Any CPU.Build.0 = Release|iPhone
		{514A218C-B141-4B7B-BA23-D80F9B0894E3}.Release|Any CPU.Deploy.0 = Release|iPhone
		{514A218C-B141-4B7B-BA23-D80F9B0894E3}.Release|iPhone.ActiveCfg = Release|iPhone
		{514A218C-B141-4B7B-BA23-D80F9B0894E3}.Release|iPhone.Build.0 = Release|iPhone
		{514A218C-B141-4B7B-BA23-D80F9B0894E3}.Release|iPhone.Deploy.0 = Release|iPhone
		{514A218C-B141-4B7B-BA23-D80F9B0894E3}.Release|iPhoneSimulator.ActiveCfg = Release|iPhoneSimulator
		{514A218C-B141-4B7B-BA23-D80F9B0894E3}.Release|iPhoneSimulator.Build.0 = Release|iPhoneSimulator
		{514A218C-B141-4B7B-BA23-D80F9B0894E3}.Release|iPhoneSimulator.Deploy.0 = Release|iPhoneSimulator
		{41549DE4-9C6B-487B-9FE2-28F3B2F2ED63}.Ad-Hoc|Any CPU.ActiveCfg = Debug|Any CPU
		{41549DE4-9C6B-487B-9FE2-28F3B2F2ED63}.Ad-Hoc|Any CPU.Build.0 = Debug|Any CPU
		{41549DE4-9C6B-487B-9FE2-28F3B2F2ED63}.Ad-Hoc|Any CPU.Deploy.0 = Debug|Any CPU
		{41549DE4-9C6B-487B-9FE2-28F3B2F2ED63}.Ad-Hoc|iPhone.ActiveCfg = Debug|Any CPU
		{41549DE4-9C6B-487B-9FE2-28F3B2F2ED63}.Ad-Hoc|iPhone.Build.0 = Debug|Any CPU
		{41549DE4-9C6B-487B-9FE2-28F3B2F2ED63}.Ad-Hoc|iPhone.Deploy.0 = Debug|Any CPU
		{41549DE4-9C6B-487B-9FE2-28F3B2F2ED63}.Ad-Hoc|iPhoneSimulator.ActiveCfg = Debug|Any CPU
		{41549DE4-9C6B-487B-9FE2-28F3B2F2ED63}.Ad-Hoc|iPhoneSimulator.Build.0 = Debug|Any CPU
		{41549DE4-9C6B-487B-9FE2-28F3B2F2ED63}.Ad-Hoc|iPhoneSimulator.Deploy.0 = Debug|Any CPU
		{41549DE4-9C6B-487B-9FE2-28F3B2F2ED63}.AppStore|Any CPU.ActiveCfg = Debug|Any CPU
		{41549DE4-9C6B-487B-9FE2-28F3B2F2ED63}.AppStore|Any CPU.Build.0 = Debug|Any CPU
		{41549DE4-9C6B-487B-9FE2-28F3B2F2ED63}.AppStore|Any CPU.Deploy.0 = Debug|Any CPU
		{41549DE4-9C6B-487B-9FE2-28F3B2F2ED63}.AppStore|iPhone.ActiveCfg = Debug|Any CPU
		{41549DE4-9C6B-487B-9FE2-28F3B2F2ED63}.AppStore|iPhone.Build.0 = Debug|Any CPU
		{41549DE4-9C6B-487B-9FE2-28F3B2F2ED63}.AppStore|iPhone.Deploy.0 = Debug|Any CPU
		{41549DE4-9C6B-487B-9FE2-28F3B2F2ED63}.AppStore|iPhoneSimulator.ActiveCfg = Debug|Any CPU
		{41549DE4-9C6B-487B-9FE2-28F3B2F2ED63}.AppStore|iPhoneSimulator.Build.0 = Debug|Any CPU
		{41549DE4-9C6B-487B-9FE2-28F3B2F2ED63}.AppStore|iPhoneSimulator.Deploy.0 = Debug|Any CPU
		{41549DE4-9C6B-487B-9FE2-28F3B2F2ED63}.Debug|Any CPU.ActiveCfg = Debug|Any CPU
		{41549DE4-9C6B-487B-9FE2-28F3B2F2ED63}.Debug|Any CPU.Build.0 = Debug|Any CPU
		{41549DE4-9C6B-487B-9FE2-28F3B2F2ED63}.Debug|Any CPU.Deploy.0 = Debug|Any CPU
		{41549DE4-9C6B-487B-9FE2-28F3B2F2ED63}.Debug|iPhone.ActiveCfg = Debug|Any CPU
		{41549DE4-9C6B-487B-9FE2-28F3B2F2ED63}.Debug|iPhone.Build.0 = Debug|Any CPU
		{41549DE4-9C6B-487B-9FE2-28F3B2F2ED63}.Debug|iPhone.Deploy.0 = Debug|Any CPU
		{41549DE4-9C6B-487B-9FE2-28F3B2F2ED63}.Debug|iPhoneSimulator.ActiveCfg = Debug|Any CPU
		{41549DE4-9C6B-487B-9FE2-28F3B2F2ED63}.Debug|iPhoneSimulator.Build.0 = Debug|Any CPU
		{41549DE4-9C6B-487B-9FE2-28F3B2F2ED63}.Debug|iPhoneSimulator.Deploy.0 = Debug|Any CPU
		{41549DE4-9C6B-487B-9FE2-28F3B2F2ED63}.Release|Any CPU.ActiveCfg = Release|Any CPU
		{41549DE4-9C6B-487B-9FE2-28F3B2F2ED63}.Release|Any CPU.Build.0 = Release|Any CPU
		{41549DE4-9C6B-487B-9FE2-28F3B2F2ED63}.Release|Any CPU.Deploy.0 = Release|Any CPU
		{41549DE4-9C6B-487B-9FE2-28F3B2F2ED63}.Release|iPhone.ActiveCfg = Release|Any CPU
		{41549DE4-9C6B-487B-9FE2-28F3B2F2ED63}.Release|iPhone.Build.0 = Release|Any CPU
		{41549DE4-9C6B-487B-9FE2-28F3B2F2ED63}.Release|iPhone.Deploy.0 = Release|Any CPU
		{41549DE4-9C6B-487B-9FE2-28F3B2F2ED63}.Release|iPhoneSimulator.ActiveCfg = Release|Any CPU
		{41549DE4-9C6B-487B-9FE2-28F3B2F2ED63}.Release|iPhoneSimulator.Build.0 = Release|Any CPU
		{41549DE4-9C6B-487B-9FE2-28F3B2F2ED63}.Release|iPhoneSimulator.Deploy.0 = Release|Any CPU
	EndGlobalSection
	GlobalSection(SolutionProperties) = preSolution
		HideSolutionNode = FALSE
	EndGlobalSection
	GlobalSection(ExtensibilityGlobals) = postSolution
		SolutionGuid = {F939C45B-B880-4E49-82BD-EC9C99BC1553}
	EndGlobalSection
EndGlobal
